
Microsoft Visual Studio Solution File, Format Version 12.00
# Visual Studio Version 17
VisualStudioVersion = 17.0.31903.59
MinimumVisualStudioVersion = 10.0.40219.1
Project("{FAE04EC0-301F-11D3-BF4B-00C04F79EFBC}") = "calculos", "calculos\calculos.csproj", "{45E00B01-CA3B-4222-9E78-4609311A5E03}"
EndProject
Project("{FAE04EC0-301F-11D3-BF4B-00C04F79EFBC}") = "calculos.tests", "calculos.tests\calculos.tests.csproj", "{25296805-0F59-438A-ADE6-969A1101452E}"
EndProject
Project("{FAE04EC0-301F-11D3-BF4B-00C04F79EFBC}") = "Calulcos.Console", "Calulcos.Console\Calulcos.Console.csproj", "{A425819A-1EC4-47A9-B188-2A719DF5F392}"
EndProject
Global
	GlobalSection(SolutionConfigurationPlatforms) = preSolution
		Debug|Any CPU = Debug|Any CPU
		Release|Any CPU = Release|Any CPU
	EndGlobalSection
	GlobalSection(SolutionProperties) = preSolution
		HideSolutionNode = FALSE
	EndGlobalSection
	GlobalSection(ProjectConfigurationPlatforms) = postSolution
		{45E00B01-CA3B-4222-9E78-4609311A5E03}.Debug|Any CPU.ActiveCfg = Debug|Any CPU
		{45E00B01-CA3B-4222-9E78-4609311A5E03}.Debug|Any CPU.Build.0 = Debug|Any CPU
		{45E00B01-CA3B-4222-9E78-4609311A5E03}.Release|Any CPU.ActiveCfg = Release|Any CPU
		{45E00B01-CA3B-4222-9E78-4609311A5E03}.Release|Any CPU.Build.0 = Release|Any CPU
		{25296805-0F59-438A-ADE6-969A1101452E}.Debug|Any CPU.ActiveCfg = Debug|Any CPU
		{25296805-0F59-438A-ADE6-969A1101452E}.Debug|Any CPU.Build.0 = Debug|Any CPU
		{25296805-0F59-438A-ADE6-969A1101452E}.Release|Any CPU.ActiveCfg = Release|Any CPU
		{25296805-0F59-438A-ADE6-969A1101452E}.Release|Any CPU.Build.0 = Release|Any CPU
		{A425819A-1EC4-47A9-B188-2A719DF5F392}.Debug|Any CPU.ActiveCfg = Debug|Any CPU
		{A425819A-1EC4-47A9-B188-2A719DF5F392}.Debug|Any CPU.Build.0 = Debug|Any CPU
		{A425819A-1EC4-47A9-B188-2A719DF5F392}.Release|Any CPU.ActiveCfg = Release|Any CPU
		{A425819A-1EC4-47A9-B188-2A719DF5F392}.Release|Any CPU.Build.0 = Release|Any CPU
	EndGlobalSection
EndGlobal
